// !$*UTF8*$!
{
	archiveVersion = 1;
	classes = {
	};
	objectVersion = 46;
	objects = {

/* Begin PBXBuildFile section */
		C9022894141AD66B00619E19 /* photo1.jpg in Resources */ = {isa = PBXBuildFile; fileRef = C902288B141AD66B00619E19 /* photo1.jpg */; };
		C9022895141AD66B00619E19 /* photo2.jpg in Resources */ = {isa = PBXBuildFile; fileRef = C902288C141AD66B00619E19 /* photo2.jpg */; };
		C9022896141AD66B00619E19 /* photo3.jpg in Resources */ = {isa = PBXBuildFile; fileRef = C902288D141AD66B00619E19 /* photo3.jpg */; };
		C9022897141AD66B00619E19 /* photo4.jpg in Resources */ = {isa = PBXBuildFile; fileRef = C902288E141AD66B00619E19 /* photo4.jpg */; };
		C9022898141AD66B00619E19 /* photo5.jpg in Resources */ = {isa = PBXBuildFile; fileRef = C902288F141AD66B00619E19 /* photo5.jpg */; };
		C9022899141AD66B00619E19 /* photo6.jpg in Resources */ = {isa = PBXBuildFile; fileRef = C9022890141AD66B00619E19 /* photo6.jpg */; };
		C902289A141AD66B00619E19 /* photo7.jpg in Resources */ = {isa = PBXBuildFile; fileRef = C9022891141AD66B00619E19 /* photo7.jpg */; };
		C902289B141AD66B00619E19 /* photo8.jpg in Resources */ = {isa = PBXBuildFile; fileRef = C9022892141AD66B00619E19 /* photo8.jpg */; };
		C902289C141AD66B00619E19 /* photo9.jpg in Resources */ = {isa = PBXBuildFile; fileRef = C9022893141AD66B00619E19 /* photo9.jpg */; };
		C90228A0141AE04200619E19 /* PropertyCellBackgroundView.m in Sources */ = {isa = PBXBuildFile; fileRef = C902289F141AE04200619E19 /* PropertyCellBackgroundView.m */; };
		C90228A2141AE7FB00619E19 /* properties.json in Resources */ = {isa = PBXBuildFile; fileRef = C90228A1141AE7FB00619E19 /* properties.json */; };
		C90228A4141AE88000619E19 /* YAJLiOS.framework in Frameworks */ = {isa = PBXBuildFile; fileRef = C90228A3141AE88000619E19 /* YAJLiOS.framework */; };
		C90228A5141AE88000619E19 /* YAJLiOS.framework in Frameworks */ = {isa = PBXBuildFile; fileRef = C90228A3141AE88000619E19 /* YAJLiOS.framework */; };
		C90228AB141AEBD800619E19 /* LRResty.framework in Frameworks */ = {isa = PBXBuildFile; fileRef = C90228AA141AEBD800619E19 /* LRResty.framework */; };
		C90228AC141AEBD800619E19 /* LRResty.framework in Frameworks */ = {isa = PBXBuildFile; fileRef = C90228AA141AEBD800619E19 /* LRResty.framework */; };
		C90228B0141AF3C200619E19 /* MBProgressHUD.m in Sources */ = {isa = PBXBuildFile; fileRef = C90228AF141AF3C200619E19 /* MBProgressHUD.m */; };
		C90228B1141AF3C200619E19 /* MBProgressHUD.m in Sources */ = {isa = PBXBuildFile; fileRef = C90228AF141AF3C200619E19 /* MBProgressHUD.m */; };
		C90228B5141B034F00619E19 /* DetailViewController.m in Sources */ = {isa = PBXBuildFile; fileRef = C90228B3141B034F00619E19 /* DetailViewController.m */; };
		C90228B6141B034F00619E19 /* DetailViewController.m in Sources */ = {isa = PBXBuildFile; fileRef = C90228B3141B034F00619E19 /* DetailViewController.m */; };
		C90228B7141B034F00619E19 /* DetailViewController.xib in Resources */ = {isa = PBXBuildFile; fileRef = C90228B4141B034F00619E19 /* DetailViewController.xib */; };
		C90228B8141B034F00619E19 /* DetailViewController.xib in Resources */ = {isa = PBXBuildFile; fileRef = C90228B4141B034F00619E19 /* DetailViewController.xib */; };
		C90228BA141B14DC00619E19 /* photo10.jpg in Resources */ = {isa = PBXBuildFile; fileRef = C90228B9141B14DC00619E19 /* photo10.jpg */; };
		C90228BB141B14DC00619E19 /* photo10.jpg in Resources */ = {isa = PBXBuildFile; fileRef = C90228B9141B14DC00619E19 /* photo10.jpg */; };
		C937DA491419D9DD00064AA9 /* UIKit.framework in Frameworks */ = {isa = PBXBuildFile; fileRef = C937DA481419D9DD00064AA9 /* UIKit.framework */; };
		C937DA4B1419D9DD00064AA9 /* Foundation.framework in Frameworks */ = {isa = PBXBuildFile; fileRef = C937DA4A1419D9DD00064AA9 /* Foundation.framework */; };
		C937DA4D1419D9DD00064AA9 /* CoreGraphics.framework in Frameworks */ = {isa = PBXBuildFile; fileRef = C937DA4C1419D9DD00064AA9 /* CoreGraphics.framework */; };
		C937DA531419D9DD00064AA9 /* InfoPlist.strings in Resources */ = {isa = PBXBuildFile; fileRef = C937DA511419D9DD00064AA9 /* InfoPlist.strings */; };
		C937DA551419D9DD00064AA9 /* main.m in Sources */ = {isa = PBXBuildFile; fileRef = C937DA541419D9DD00064AA9 /* main.m */; };
		C937DA591419D9DD00064AA9 /* RMITAppDelegate.m in Sources */ = {isa = PBXBuildFile; fileRef = C937DA581419D9DD00064AA9 /* RMITAppDelegate.m */; };
		C937DA5C1419D9DD00064AA9 /* MainWindow.xib in Resources */ = {isa = PBXBuildFile; fileRef = C937DA5A1419D9DD00064AA9 /* MainWindow.xib */; };
		C937DA5F1419D9DD00064AA9 /* RootViewController.m in Sources */ = {isa = PBXBuildFile; fileRef = C937DA5E1419D9DD00064AA9 /* RootViewController.m */; };
		C937DA621419D9DD00064AA9 /* RootViewController.xib in Resources */ = {isa = PBXBuildFile; fileRef = C937DA601419D9DD00064AA9 /* RootViewController.xib */; };
		C937DA6A1419D9DD00064AA9 /* SenTestingKit.framework in Frameworks */ = {isa = PBXBuildFile; fileRef = C937DA691419D9DD00064AA9 /* SenTestingKit.framework */; };
		C937DA6B1419D9DD00064AA9 /* UIKit.framework in Frameworks */ = {isa = PBXBuildFile; fileRef = C937DA481419D9DD00064AA9 /* UIKit.framework */; };
		C937DA6C1419D9DD00064AA9 /* Foundation.framework in Frameworks */ = {isa = PBXBuildFile; fileRef = C937DA4A1419D9DD00064AA9 /* Foundation.framework */; };
		C937DA6D1419D9DD00064AA9 /* CoreGraphics.framework in Frameworks */ = {isa = PBXBuildFile; fileRef = C937DA4C1419D9DD00064AA9 /* CoreGraphics.framework */; };
		C937DA751419D9DD00064AA9 /* InfoPlist.strings in Resources */ = {isa = PBXBuildFile; fileRef = C937DA731419D9DD00064AA9 /* InfoPlist.strings */; };
		C937DA771419D9DD00064AA9 /* RMITTests.h in Resources */ = {isa = PBXBuildFile; fileRef = C937DA761419D9DD00064AA9 /* RMITTests.h */; };
		C937DA791419D9DD00064AA9 /* RMITTests.m in Sources */ = {isa = PBXBuildFile; fileRef = C937DA781419D9DD00064AA9 /* RMITTests.m */; };
		C93FECEC141DEE0D007F528F /* arrow.png in Resources */ = {isa = PBXBuildFile; fileRef = C93FECE8141DEE0D007F528F /* arrow.png */; };
		C93FECED141DEE0D007F528F /* arrow@2x.png in Resources */ = {isa = PBXBuildFile; fileRef = C93FECE9141DEE0D007F528F /* arrow@2x.png */; };
		C93FECEE141DEE0D007F528F /* PullToRefreshView.m in Sources */ = {isa = PBXBuildFile; fileRef = C93FECEB141DEE0D007F528F /* PullToRefreshView.m */; };
		C93FECF1141DEEFB007F528F /* QuartzCore.framework in Frameworks */ = {isa = PBXBuildFile; fileRef = C93FECF0141DEEFB007F528F /* QuartzCore.framework */; };
		C94B23D81419E8CF004ACA73 /* Property.m in Sources */ = {isa = PBXBuildFile; fileRef = C94B23D71419E8CF004ACA73 /* Property.m */; };
		C94B23D91419E8CF004ACA73 /* Property.m in Sources */ = {isa = PBXBuildFile; fileRef = C94B23D71419E8CF004ACA73 /* Property.m */; };
		C95EAE91141EE8940013809D /* config in Resources */ = {isa = PBXBuildFile; fileRef = C95EAE5E141EE8940013809D /* config */; };
		C95EAE92141EE8940013809D /* description in Resources */ = {isa = PBXBuildFile; fileRef = C95EAE5F141EE8940013809D /* description */; };
		C95EAE93141EE8940013809D /* HEAD in Resources */ = {isa = PBXBuildFile; fileRef = C95EAE60141EE8940013809D /* HEAD */; };
		C95EAE94141EE8940013809D /* applypatch-msg.sample in Resources */ = {isa = PBXBuildFile; fileRef = C95EAE62141EE8940013809D /* applypatch-msg.sample */; };
		C95EAE95141EE8940013809D /* commit-msg.sample in Resources */ = {isa = PBXBuildFile; fileRef = C95EAE63141EE8940013809D /* commit-msg.sample */; };
		C95EAE96141EE8940013809D /* post-commit.sample in Resources */ = {isa = PBXBuildFile; fileRef = C95EAE64141EE8940013809D /* post-commit.sample */; };
		C95EAE97141EE8940013809D /* post-receive.sample in Resources */ = {isa = PBXBuildFile; fileRef = C95EAE65141EE8940013809D /* post-receive.sample */; };
		C95EAE98141EE8940013809D /* post-update.sample in Resources */ = {isa = PBXBuildFile; fileRef = C95EAE66141EE8940013809D /* post-update.sample */; };
		C95EAE99141EE8940013809D /* pre-applypatch.sample in Resources */ = {isa = PBXBuildFile; fileRef = C95EAE67141EE8940013809D /* pre-applypatch.sample */; };
		C95EAE9A141EE8940013809D /* pre-commit.sample in Resources */ = {isa = PBXBuildFile; fileRef = C95EAE68141EE8940013809D /* pre-commit.sample */; };
		C95EAE9B141EE8940013809D /* pre-rebase.sample in Resources */ = {isa = PBXBuildFile; fileRef = C95EAE69141EE8940013809D /* pre-rebase.sample */; };
		C95EAE9C141EE8940013809D /* prepare-commit-msg.sample in Resources */ = {isa = PBXBuildFile; fileRef = C95EAE6A141EE8940013809D /* prepare-commit-msg.sample */; };
		C95EAE9D141EE8940013809D /* update.sample in Resources */ = {isa = PBXBuildFile; fileRef = C95EAE6B141EE8940013809D /* update.sample */; };
		C95EAE9E141EE8940013809D /* index in Resources */ = {isa = PBXBuildFile; fileRef = C95EAE6C141EE8940013809D /* index */; };
		C95EAE9F141EE8940013809D /* exclude in Resources */ = {isa = PBXBuildFile; fileRef = C95EAE6E141EE8940013809D /* exclude */; };
		C95EAEA0141EE8940013809D /* HEAD in Resources */ = {isa = PBXBuildFile; fileRef = C95EAE70141EE8940013809D /* HEAD */; };
		C95EAEA1141EE8940013809D /* master in Resources */ = {isa = PBXBuildFile; fileRef = C95EAE73141EE8940013809D /* master */; };
		C95EAEA2141EE8940013809D /* pack-eea4367ce74625a8f8c136cd48a8343cd430c902.idx in Resources */ = {isa = PBXBuildFile; fileRef = C95EAE77141EE8940013809D /* pack-eea4367ce74625a8f8c136cd48a8343cd430c902.idx */; };
		C95EAEA3141EE8940013809D /* pack-eea4367ce74625a8f8c136cd48a8343cd430c902.pack in Resources */ = {isa = PBXBuildFile; fileRef = C95EAE78141EE8940013809D /* pack-eea4367ce74625a8f8c136cd48a8343cd430c902.pack */; };
		C95EAEA4141EE8940013809D /* packed-refs in Resources */ = {isa = PBXBuildFile; fileRef = C95EAE79141EE8940013809D /* packed-refs */; };
		C95EAEA5141EE8940013809D /* master in Resources */ = {isa = PBXBuildFile; fileRef = C95EAE7C141EE8940013809D /* master */; };
		C95EAEA6141EE8940013809D /* HEAD in Resources */ = {isa = PBXBuildFile; fileRef = C95EAE7F141EE8940013809D /* HEAD */; };
		C95EAEA7141EE8940013809D /* LICENSE in Resources */ = {isa = PBXBuildFile; fileRef = C95EAE81141EE8940013809D /* LICENSE */; };
		C95EAEA8141EE8940013809D /* README.md in Resources */ = {isa = PBXBuildFile; fileRef = C95EAE82141EE8940013809D /* README.md */; };
		C95EAEA9141EE8940013809D /* SDImageCache.m in Sources */ = {isa = PBXBuildFile; fileRef = C95EAE84141EE8940013809D /* SDImageCache.m */; };
		C95EAEAA141EE8940013809D /* SDWebImageDownloader.m in Sources */ = {isa = PBXBuildFile; fileRef = C95EAE88141EE8940013809D /* SDWebImageDownloader.m */; };
		C95EAEAB141EE8940013809D /* SDWebImageManager.m in Sources */ = {isa = PBXBuildFile; fileRef = C95EAE8B141EE8940013809D /* SDWebImageManager.m */; };
		C95EAEAC141EE8940013809D /* UIButton+WebCache.m in Sources */ = {isa = PBXBuildFile; fileRef = C95EAE8E141EE8940013809D /* UIButton+WebCache.m */; };
		C95EAEAD141EE8940013809D /* UIImageView+WebCache.m in Sources */ = {isa = PBXBuildFile; fileRef = C95EAE90141EE8940013809D /* UIImageView+WebCache.m */; };
		C96773421419F86C007078A6 /* texture.png in Resources */ = {isa = PBXBuildFile; fileRef = C96773411419F86C007078A6 /* texture.png */; };
		C96773441419FA76007078A6 /* texture-highlight.png in Resources */ = {isa = PBXBuildFile; fileRef = C96773431419FA76007078A6 /* texture-highlight.png */; };
		C96773471419FBB9007078A6 /* shadow-bottom.png in Resources */ = {isa = PBXBuildFile; fileRef = C96773451419FBB9007078A6 /* shadow-bottom.png */; };
		C96773481419FBB9007078A6 /* shadow-top.png in Resources */ = {isa = PBXBuildFile; fileRef = C96773461419FBB9007078A6 /* shadow-top.png */; };
		C967734B1419FD23007078A6 /* PropertyCell.m in Sources */ = {isa = PBXBuildFile; fileRef = C967734A1419FD23007078A6 /* PropertyCell.m */; };
/* End PBXBuildFile section */

/* Begin PBXContainerItemProxy section */
		C937DA6E1419D9DD00064AA9 /* PBXContainerItemProxy */ = {
			isa = PBXContainerItemProxy;
			containerPortal = C937DA3B1419D9DD00064AA9 /* Project object */;
			proxyType = 1;
			remoteGlobalIDString = C937DA431419D9DD00064AA9;
			remoteInfo = RMIT;
		};
/* End PBXContainerItemProxy section */

/* Begin PBXFileReference section */
		C902288B141AD66B00619E19 /* photo1.jpg */ = {isa = PBXFileReference; lastKnownFileType = image.jpeg; name = photo1.jpg; path = RMIT/photo1.jpg; sourceTree = "<group>"; };
		C902288C141AD66B00619E19 /* photo2.jpg */ = {isa = PBXFileReference; lastKnownFileType = image.jpeg; name = photo2.jpg; path = RMIT/photo2.jpg; sourceTree = "<group>"; };
		C902288D141AD66B00619E19 /* photo3.jpg */ = {isa = PBXFileReference; lastKnownFileType = image.jpeg; name = photo3.jpg; path = RMIT/photo3.jpg; sourceTree = "<group>"; };
		C902288E141AD66B00619E19 /* photo4.jpg */ = {isa = PBXFileReference; lastKnownFileType = image.jpeg; name = photo4.jpg; path = RMIT/photo4.jpg; sourceTree = "<group>"; };
		C902288F141AD66B00619E19 /* photo5.jpg */ = {isa = PBXFileReference; lastKnownFileType = image.jpeg; name = photo5.jpg; path = RMIT/photo5.jpg; sourceTree = "<group>"; };
		C9022890141AD66B00619E19 /* photo6.jpg */ = {isa = PBXFileReference; lastKnownFileType = image.jpeg; name = photo6.jpg; path = RMIT/photo6.jpg; sourceTree = "<group>"; };
		C9022891141AD66B00619E19 /* photo7.jpg */ = {isa = PBXFileReference; lastKnownFileType = image.jpeg; name = photo7.jpg; path = RMIT/photo7.jpg; sourceTree = "<group>"; };
		C9022892141AD66B00619E19 /* photo8.jpg */ = {isa = PBXFileReference; lastKnownFileType = image.jpeg; name = photo8.jpg; path = RMIT/photo8.jpg; sourceTree = "<group>"; };
		C9022893141AD66B00619E19 /* photo9.jpg */ = {isa = PBXFileReference; lastKnownFileType = image.jpeg; name = photo9.jpg; path = RMIT/photo9.jpg; sourceTree = "<group>"; };
		C902289E141AE04200619E19 /* PropertyCellBackgroundView.h */ = {isa = PBXFileReference; fileEncoding = 4; lastKnownFileType = sourcecode.c.h; path = PropertyCellBackgroundView.h; sourceTree = "<group>"; };
		C902289F141AE04200619E19 /* PropertyCellBackgroundView.m */ = {isa = PBXFileReference; fileEncoding = 4; lastKnownFileType = sourcecode.c.objc; path = PropertyCellBackgroundView.m; sourceTree = "<group>"; };
		C90228A1141AE7FB00619E19 /* properties.json */ = {isa = PBXFileReference; fileEncoding = 4; lastKnownFileType = text.json; path = properties.json; sourceTree = "<group>"; };
		C90228A3141AE88000619E19 /* YAJLiOS.framework */ = {isa = PBXFileReference; lastKnownFileType = wrapper.framework; path = YAJLiOS.framework; sourceTree = "<group>"; };
		C90228AA141AEBD800619E19 /* LRResty.framework */ = {isa = PBXFileReference; lastKnownFileType = wrapper.framework; path = LRResty.framework; sourceTree = "<group>"; };
		C90228AE141AF3C200619E19 /* MBProgressHUD.h */ = {isa = PBXFileReference; fileEncoding = 4; lastKnownFileType = sourcecode.c.h; path = MBProgressHUD.h; sourceTree = "<group>"; };
		C90228AF141AF3C200619E19 /* MBProgressHUD.m */ = {isa = PBXFileReference; fileEncoding = 4; lastKnownFileType = sourcecode.c.objc; path = MBProgressHUD.m; sourceTree = "<group>"; };
		C90228B2141B034F00619E19 /* DetailViewController.h */ = {isa = PBXFileReference; fileEncoding = 4; lastKnownFileType = sourcecode.c.h; path = DetailViewController.h; sourceTree = "<group>"; };
		C90228B3141B034F00619E19 /* DetailViewController.m */ = {isa = PBXFileReference; fileEncoding = 4; lastKnownFileType = sourcecode.c.objc; path = DetailViewController.m; sourceTree = "<group>"; };
		C90228B4141B034F00619E19 /* DetailViewController.xib */ = {isa = PBXFileReference; fileEncoding = 4; lastKnownFileType = file.xib; path = DetailViewController.xib; sourceTree = "<group>"; };
		C90228B9141B14DC00619E19 /* photo10.jpg */ = {isa = PBXFileReference; lastKnownFileType = image.jpeg; name = photo10.jpg; path = RMIT/photo10.jpg; sourceTree = "<group>"; };
		C937DA441419D9DD00064AA9 /* RMIT.app */ = {isa = PBXFileReference; explicitFileType = wrapper.application; includeInIndex = 0; path = RMIT.app; sourceTree = BUILT_PRODUCTS_DIR; };
		C937DA481419D9DD00064AA9 /* UIKit.framework */ = {isa = PBXFileReference; lastKnownFileType = wrapper.framework; name = UIKit.framework; path = System/Library/Frameworks/UIKit.framework; sourceTree = SDKROOT; };
		C937DA4A1419D9DD00064AA9 /* Foundation.framework */ = {isa = PBXFileReference; lastKnownFileType = wrapper.framework; name = Foundation.framework; path = System/Library/Frameworks/Foundation.framework; sourceTree = SDKROOT; };
		C937DA4C1419D9DD00064AA9 /* CoreGraphics.framework */ = {isa = PBXFileReference; lastKnownFileType = wrapper.framework; name = CoreGraphics.framework; path = System/Library/Frameworks/CoreGraphics.framework; sourceTree = SDKROOT; };
		C937DA501419D9DD00064AA9 /* RMIT-Info.plist */ = {isa = PBXFileReference; lastKnownFileType = text.plist.xml; path = "RMIT-Info.plist"; sourceTree = "<group>"; };
		C937DA521419D9DD00064AA9 /* en */ = {isa = PBXFileReference; lastKnownFileType = text.plist.strings; name = en; path = en.lproj/InfoPlist.strings; sourceTree = "<group>"; };
		C937DA541419D9DD00064AA9 /* main.m */ = {isa = PBXFileReference; lastKnownFileType = sourcecode.c.objc; path = main.m; sourceTree = "<group>"; };
		C937DA561419D9DD00064AA9 /* RMIT-Prefix.pch */ = {isa = PBXFileReference; lastKnownFileType = sourcecode.c.h; path = "RMIT-Prefix.pch"; sourceTree = "<group>"; };
		C937DA571419D9DD00064AA9 /* RMITAppDelegate.h */ = {isa = PBXFileReference; lastKnownFileType = sourcecode.c.h; path = RMITAppDelegate.h; sourceTree = "<group>"; };
		C937DA581419D9DD00064AA9 /* RMITAppDelegate.m */ = {isa = PBXFileReference; lastKnownFileType = sourcecode.c.objc; path = RMITAppDelegate.m; sourceTree = "<group>"; };
		C937DA5B1419D9DD00064AA9 /* en */ = {isa = PBXFileReference; lastKnownFileType = file.xib; name = en; path = en.lproj/MainWindow.xib; sourceTree = "<group>"; };
		C937DA5D1419D9DD00064AA9 /* RootViewController.h */ = {isa = PBXFileReference; lastKnownFileType = sourcecode.c.h; path = RootViewController.h; sourceTree = "<group>"; };
		C937DA5E1419D9DD00064AA9 /* RootViewController.m */ = {isa = PBXFileReference; lastKnownFileType = sourcecode.c.objc; path = RootViewController.m; sourceTree = "<group>"; };
		C937DA611419D9DD00064AA9 /* en */ = {isa = PBXFileReference; lastKnownFileType = file.xib; name = en; path = en.lproj/RootViewController.xib; sourceTree = "<group>"; };
		C937DA681419D9DD00064AA9 /* RMITTests.octest */ = {isa = PBXFileReference; explicitFileType = wrapper.cfbundle; includeInIndex = 0; path = RMITTests.octest; sourceTree = BUILT_PRODUCTS_DIR; };
		C937DA691419D9DD00064AA9 /* SenTestingKit.framework */ = {isa = PBXFileReference; lastKnownFileType = wrapper.framework; name = SenTestingKit.framework; path = Library/Frameworks/SenTestingKit.framework; sourceTree = DEVELOPER_DIR; };
		C937DA721419D9DD00064AA9 /* RMITTests-Info.plist */ = {isa = PBXFileReference; lastKnownFileType = text.plist.xml; path = "RMITTests-Info.plist"; sourceTree = "<group>"; };
		C937DA741419D9DD00064AA9 /* en */ = {isa = PBXFileReference; lastKnownFileType = text.plist.strings; name = en; path = en.lproj/InfoPlist.strings; sourceTree = "<group>"; };
		C937DA761419D9DD00064AA9 /* RMITTests.h */ = {isa = PBXFileReference; lastKnownFileType = sourcecode.c.h; path = RMITTests.h; sourceTree = "<group>"; };
		C937DA781419D9DD00064AA9 /* RMITTests.m */ = {isa = PBXFileReference; lastKnownFileType = sourcecode.c.objc; path = RMITTests.m; sourceTree = "<group>"; };
		C93FECE8141DEE0D007F528F /* arrow.png */ = {isa = PBXFileReference; lastKnownFileType = image.png; path = arrow.png; sourceTree = "<group>"; };
		C93FECE9141DEE0D007F528F /* arrow@2x.png */ = {isa = PBXFileReference; lastKnownFileType = image.png; path = "arrow@2x.png"; sourceTree = "<group>"; };
		C93FECEA141DEE0D007F528F /* PullToRefreshView.h */ = {isa = PBXFileReference; fileEncoding = 4; lastKnownFileType = sourcecode.c.h; path = PullToRefreshView.h; sourceTree = "<group>"; };
		C93FECEB141DEE0D007F528F /* PullToRefreshView.m */ = {isa = PBXFileReference; fileEncoding = 4; lastKnownFileType = sourcecode.c.objc; path = PullToRefreshView.m; sourceTree = "<group>"; };
		C93FECF0141DEEFB007F528F /* QuartzCore.framework */ = {isa = PBXFileReference; lastKnownFileType = wrapper.framework; name = QuartzCore.framework; path = System/Library/Frameworks/QuartzCore.framework; sourceTree = SDKROOT; };
		C94B23D61419E8CF004ACA73 /* Property.h */ = {isa = PBXFileReference; fileEncoding = 4; lastKnownFileType = sourcecode.c.h; path = Property.h; sourceTree = "<group>"; };
		C94B23D71419E8CF004ACA73 /* Property.m */ = {isa = PBXFileReference; fileEncoding = 4; lastKnownFileType = sourcecode.c.objc; path = Property.m; sourceTree = "<group>"; };
		C95EAE5E141EE8940013809D /* config */ = {isa = PBXFileReference; fileEncoding = 4; lastKnownFileType = text; path = config; sourceTree = "<group>"; };
		C95EAE5F141EE8940013809D /* description */ = {isa = PBXFileReference; fileEncoding = 4; lastKnownFileType = text; path = description; sourceTree = "<group>"; };
		C95EAE60141EE8940013809D /* HEAD */ = {isa = PBXFileReference; fileEncoding = 4; lastKnownFileType = text; path = HEAD; sourceTree = "<group>"; };
		C95EAE62141EE8940013809D /* applypatch-msg.sample */ = {isa = PBXFileReference; fileEncoding = 4; lastKnownFileType = text.script.sh; path = "applypatch-msg.sample"; sourceTree = "<group>"; };
		C95EAE63141EE8940013809D /* commit-msg.sample */ = {isa = PBXFileReference; fileEncoding = 4; lastKnownFileType = text.script.sh; path = "commit-msg.sample"; sourceTree = "<group>"; };
		C95EAE64141EE8940013809D /* post-commit.sample */ = {isa = PBXFileReference; fileEncoding = 4; lastKnownFileType = text.script.sh; path = "post-commit.sample"; sourceTree = "<group>"; };
		C95EAE65141EE8940013809D /* post-receive.sample */ = {isa = PBXFileReference; fileEncoding = 4; lastKnownFileType = text.script.sh; path = "post-receive.sample"; sourceTree = "<group>"; };
		C95EAE66141EE8940013809D /* post-update.sample */ = {isa = PBXFileReference; fileEncoding = 4; lastKnownFileType = text.script.sh; path = "post-update.sample"; sourceTree = "<group>"; };
		C95EAE67141EE8940013809D /* pre-applypatch.sample */ = {isa = PBXFileReference; fileEncoding = 4; lastKnownFileType = text.script.sh; path = "pre-applypatch.sample"; sourceTree = "<group>"; };
		C95EAE68141EE8940013809D /* pre-commit.sample */ = {isa = PBXFileReference; fileEncoding = 4; lastKnownFileType = text.script.sh; path = "pre-commit.sample"; sourceTree = "<group>"; };
		C95EAE69141EE8940013809D /* pre-rebase.sample */ = {isa = PBXFileReference; fileEncoding = 4; lastKnownFileType = text.script.sh; path = "pre-rebase.sample"; sourceTree = "<group>"; };
		C95EAE6A141EE8940013809D /* prepare-commit-msg.sample */ = {isa = PBXFileReference; fileEncoding = 4; lastKnownFileType = text.script.sh; path = "prepare-commit-msg.sample"; sourceTree = "<group>"; };
		C95EAE6B141EE8940013809D /* update.sample */ = {isa = PBXFileReference; fileEncoding = 4; lastKnownFileType = text.script.sh; path = update.sample; sourceTree = "<group>"; };
		C95EAE6C141EE8940013809D /* index */ = {isa = PBXFileReference; lastKnownFileType = file; path = index; sourceTree = "<group>"; };
		C95EAE6E141EE8940013809D /* exclude */ = {isa = PBXFileReference; fileEncoding = 4; lastKnownFileType = text; path = exclude; sourceTree = "<group>"; };
		C95EAE70141EE8940013809D /* HEAD */ = {isa = PBXFileReference; fileEncoding = 4; lastKnownFileType = text; path = HEAD; sourceTree = "<group>"; };
		C95EAE73141EE8940013809D /* master */ = {isa = PBXFileReference; fileEncoding = 4; lastKnownFileType = text; path = master; sourceTree = "<group>"; };
		C95EAE77141EE8940013809D /* pack-eea4367ce74625a8f8c136cd48a8343cd430c902.idx */ = {isa = PBXFileReference; lastKnownFileType = file; path = "pack-eea4367ce74625a8f8c136cd48a8343cd430c902.idx"; sourceTree = "<group>"; };
		C95EAE78141EE8940013809D /* pack-eea4367ce74625a8f8c136cd48a8343cd430c902.pack */ = {isa = PBXFileReference; lastKnownFileType = file; path = "pack-eea4367ce74625a8f8c136cd48a8343cd430c902.pack"; sourceTree = "<group>"; };
		C95EAE79141EE8940013809D /* packed-refs */ = {isa = PBXFileReference; fileEncoding = 4; lastKnownFileType = text; path = "packed-refs"; sourceTree = "<group>"; };
		C95EAE7C141EE8940013809D /* master */ = {isa = PBXFileReference; fileEncoding = 4; lastKnownFileType = text; path = master; sourceTree = "<group>"; };
		C95EAE7F141EE8940013809D /* HEAD */ = {isa = PBXFileReference; fileEncoding = 4; lastKnownFileType = text; path = HEAD; sourceTree = "<group>"; };
		C95EAE81141EE8940013809D /* LICENSE */ = {isa = PBXFileReference; fileEncoding = 4; lastKnownFileType = text; path = LICENSE; sourceTree = "<group>"; };
		C95EAE82141EE8940013809D /* README.md */ = {isa = PBXFileReference; fileEncoding = 4; lastKnownFileType = text; path = README.md; sourceTree = "<group>"; };
		C95EAE83141EE8940013809D /* SDImageCache.h */ = {isa = PBXFileReference; fileEncoding = 4; lastKnownFileType = sourcecode.c.h; path = SDImageCache.h; sourceTree = "<group>"; };
		C95EAE84141EE8940013809D /* SDImageCache.m */ = {isa = PBXFileReference; fileEncoding = 4; lastKnownFileType = sourcecode.c.objc; path = SDImageCache.m; sourceTree = "<group>"; };
		C95EAE85141EE8940013809D /* SDImageCacheDelegate.h */ = {isa = PBXFileReference; fileEncoding = 4; lastKnownFileType = sourcecode.c.h; path = SDImageCacheDelegate.h; sourceTree = "<group>"; };
		C95EAE86141EE8940013809D /* SDWebImageCompat.h */ = {isa = PBXFileReference; fileEncoding = 4; lastKnownFileType = sourcecode.c.h; path = SDWebImageCompat.h; sourceTree = "<group>"; };
		C95EAE87141EE8940013809D /* SDWebImageDownloader.h */ = {isa = PBXFileReference; fileEncoding = 4; lastKnownFileType = sourcecode.c.h; path = SDWebImageDownloader.h; sourceTree = "<group>"; };
		C95EAE88141EE8940013809D /* SDWebImageDownloader.m */ = {isa = PBXFileReference; fileEncoding = 4; lastKnownFileType = sourcecode.c.objc; path = SDWebImageDownloader.m; sourceTree = "<group>"; };
		C95EAE89141EE8940013809D /* SDWebImageDownloaderDelegate.h */ = {isa = PBXFileReference; fileEncoding = 4; lastKnownFileType = sourcecode.c.h; path = SDWebImageDownloaderDelegate.h; sourceTree = "<group>"; };
		C95EAE8A141EE8940013809D /* SDWebImageManager.h */ = {isa = PBXFileReference; fileEncoding = 4; lastKnownFileType = sourcecode.c.h; path = SDWebImageManager.h; sourceTree = "<group>"; };
		C95EAE8B141EE8940013809D /* SDWebImageManager.m */ = {isa = PBXFileReference; fileEncoding = 4; lastKnownFileType = sourcecode.c.objc; path = SDWebImageManager.m; sourceTree = "<group>"; };
		C95EAE8C141EE8940013809D /* SDWebImageManagerDelegate.h */ = {isa = PBXFileReference; fileEncoding = 4; lastKnownFileType = sourcecode.c.h; path = SDWebImageManagerDelegate.h; sourceTree = "<group>"; };
		C95EAE8D141EE8940013809D /* UIButton+WebCache.h */ = {isa = PBXFileReference; fileEncoding = 4; lastKnownFileType = sourcecode.c.h; path = "UIButton+WebCache.h"; sourceTree = "<group>"; };
		C95EAE8E141EE8940013809D /* UIButton+WebCache.m */ = {isa = PBXFileReference; fileEncoding = 4; lastKnownFileType = sourcecode.c.objc; path = "UIButton+WebCache.m"; sourceTree = "<group>"; };
		C95EAE8F141EE8940013809D /* UIImageView+WebCache.h */ = {isa = PBXFileReference; fileEncoding = 4; lastKnownFileType = sourcecode.c.h; path = "UIImageView+WebCache.h"; sourceTree = "<group>"; };
		C95EAE90141EE8940013809D /* UIImageView+WebCache.m */ = {isa = PBXFileReference; fileEncoding = 4; lastKnownFileType = sourcecode.c.objc; path = "UIImageView+WebCache.m"; sourceTree = "<group>"; };
		C96773411419F86C007078A6 /* texture.png */ = {isa = PBXFileReference; lastKnownFileType = image.png; name = texture.png; path = RMIT/texture.png; sourceTree = "<group>"; };
		C96773431419FA76007078A6 /* texture-highlight.png */ = {isa = PBXFileReference; lastKnownFileType = image.png; name = "texture-highlight.png"; path = "RMIT/texture-highlight.png"; sourceTree = "<group>"; };
		C96773451419FBB9007078A6 /* shadow-bottom.png */ = {isa = PBXFileReference; lastKnownFileType = image.png; name = "shadow-bottom.png"; path = "RMIT/shadow-bottom.png"; sourceTree = "<group>"; };
		C96773461419FBB9007078A6 /* shadow-top.png */ = {isa = PBXFileReference; lastKnownFileType = image.png; name = "shadow-top.png"; path = "RMIT/shadow-top.png"; sourceTree = "<group>"; };
		C96773491419FD23007078A6 /* PropertyCell.h */ = {isa = PBXFileReference; fileEncoding = 4; lastKnownFileType = sourcecode.c.h; path = PropertyCell.h; sourceTree = "<group>"; };
		C967734A1419FD23007078A6 /* PropertyCell.m */ = {isa = PBXFileReference; fileEncoding = 4; lastKnownFileType = sourcecode.c.objc; path = PropertyCell.m; sourceTree = "<group>"; };
/* End PBXFileReference section */

/* Begin PBXFrameworksBuildPhase section */
		C937DA411419D9DD00064AA9 /* Frameworks */ = {
			isa = PBXFrameworksBuildPhase;
			buildActionMask = 2147483647;
			files = (
				C93FECF1141DEEFB007F528F /* QuartzCore.framework in Frameworks */,
				C937DA491419D9DD00064AA9 /* UIKit.framework in Frameworks */,
				C937DA4B1419D9DD00064AA9 /* Foundation.framework in Frameworks */,
				C937DA4D1419D9DD00064AA9 /* CoreGraphics.framework in Frameworks */,
				C90228A4141AE88000619E19 /* YAJLiOS.framework in Frameworks */,
				C90228AB141AEBD800619E19 /* LRResty.framework in Frameworks */,
			);
			runOnlyForDeploymentPostprocessing = 0;
		};
		C937DA641419D9DD00064AA9 /* Frameworks */ = {
			isa = PBXFrameworksBuildPhase;
			buildActionMask = 2147483647;
			files = (
				C937DA6A1419D9DD00064AA9 /* SenTestingKit.framework in Frameworks */,
				C937DA6B1419D9DD00064AA9 /* UIKit.framework in Frameworks */,
				C937DA6C1419D9DD00064AA9 /* Foundation.framework in Frameworks */,
				C937DA6D1419D9DD00064AA9 /* CoreGraphics.framework in Frameworks */,
				C90228A5141AE88000619E19 /* YAJLiOS.framework in Frameworks */,
				C90228AC141AEBD800619E19 /* LRResty.framework in Frameworks */,
			);
			runOnlyForDeploymentPostprocessing = 0;
		};
/* End PBXFrameworksBuildPhase section */

/* Begin PBXGroup section */
		C90228AD141AF3C100619E19 /* lib */ = {
			isa = PBXGroup;
			children = (
				C95EAE5B141EE8940013809D /* SDWebImage */,
				C93FECE8141DEE0D007F528F /* arrow.png */,
				C93FECE9141DEE0D007F528F /* arrow@2x.png */,
				C93FECEA141DEE0D007F528F /* PullToRefreshView.h */,
				C93FECEB141DEE0D007F528F /* PullToRefreshView.m */,
				C90228AE141AF3C200619E19 /* MBProgressHUD.h */,
				C90228AF141AF3C200619E19 /* MBProgressHUD.m */,
			);
			path = lib;
			sourceTree = "<group>";
		};
		C937DA391419D9DD00064AA9 = {
			isa = PBXGroup;
			children = (
				C96773401419F859007078A6 /* Resources */,
				C937DA4E1419D9DD00064AA9 /* RMIT */,
				C937DA701419D9DD00064AA9 /* RMITTests */,
				C90228AD141AF3C100619E19 /* lib */,
				C937DA471419D9DD00064AA9 /* Frameworks */,
				C937DA451419D9DD00064AA9 /* Products */,
			);
			sourceTree = "<group>";
		};
		C937DA451419D9DD00064AA9 /* Products */ = {
			isa = PBXGroup;
			children = (
				C937DA441419D9DD00064AA9 /* RMIT.app */,
				C937DA681419D9DD00064AA9 /* RMITTests.octest */,
			);
			name = Products;
			sourceTree = "<group>";
		};
		C937DA471419D9DD00064AA9 /* Frameworks */ = {
			isa = PBXGroup;
			children = (
				C93FECF0141DEEFB007F528F /* QuartzCore.framework */,
				C90228AA141AEBD800619E19 /* LRResty.framework */,
				C90228A3141AE88000619E19 /* YAJLiOS.framework */,
				C937DA481419D9DD00064AA9 /* UIKit.framework */,
				C937DA4A1419D9DD00064AA9 /* Foundation.framework */,
				C937DA4C1419D9DD00064AA9 /* CoreGraphics.framework */,
				C937DA691419D9DD00064AA9 /* SenTestingKit.framework */,
			);
			name = Frameworks;
			sourceTree = "<group>";
		};
		C937DA4E1419D9DD00064AA9 /* RMIT */ = {
			isa = PBXGroup;
			children = (
				C937DA571419D9DD00064AA9 /* RMITAppDelegate.h */,
				C937DA581419D9DD00064AA9 /* RMITAppDelegate.m */,
				C937DA5A1419D9DD00064AA9 /* MainWindow.xib */,
				C937DA5D1419D9DD00064AA9 /* RootViewController.h */,
				C937DA5E1419D9DD00064AA9 /* RootViewController.m */,
				C937DA601419D9DD00064AA9 /* RootViewController.xib */,
				C937DA4F1419D9DD00064AA9 /* Supporting Files */,
				C94B23D61419E8CF004ACA73 /* Property.h */,
				C94B23D71419E8CF004ACA73 /* Property.m */,
				C96773491419FD23007078A6 /* PropertyCell.h */,
				C967734A1419FD23007078A6 /* PropertyCell.m */,
				C902289E141AE04200619E19 /* PropertyCellBackgroundView.h */,
				C902289F141AE04200619E19 /* PropertyCellBackgroundView.m */,
				C90228B2141B034F00619E19 /* DetailViewController.h */,
				C90228B3141B034F00619E19 /* DetailViewController.m */,
				C90228B4141B034F00619E19 /* DetailViewController.xib */,
			);
			path = RMIT;
			sourceTree = "<group>";
		};
		C937DA4F1419D9DD00064AA9 /* Supporting Files */ = {
			isa = PBXGroup;
			children = (
				C937DA501419D9DD00064AA9 /* RMIT-Info.plist */,
				C937DA511419D9DD00064AA9 /* InfoPlist.strings */,
				C937DA541419D9DD00064AA9 /* main.m */,
				C937DA561419D9DD00064AA9 /* RMIT-Prefix.pch */,
			);
			name = "Supporting Files";
			sourceTree = "<group>";
		};
		C937DA701419D9DD00064AA9 /* RMITTests */ = {
			isa = PBXGroup;
			children = (
				C937DA761419D9DD00064AA9 /* RMITTests.h */,
				C937DA781419D9DD00064AA9 /* RMITTests.m */,
				C937DA711419D9DD00064AA9 /* Supporting Files */,
			);
			path = RMITTests;
			sourceTree = "<group>";
		};
		C937DA711419D9DD00064AA9 /* Supporting Files */ = {
			isa = PBXGroup;
			children = (
				C937DA721419D9DD00064AA9 /* RMITTests-Info.plist */,
				C937DA731419D9DD00064AA9 /* InfoPlist.strings */,
			);
			name = "Supporting Files";
			sourceTree = "<group>";
		};
		C95EAE5B141EE8940013809D /* SDWebImage */ = {
			isa = PBXGroup;
			children = (
				C95EAE5C141EE8940013809D /* .git */,
				C95EAE81141EE8940013809D /* LICENSE */,
				C95EAE82141EE8940013809D /* README.md */,
				C95EAE83141EE8940013809D /* SDImageCache.h */,
				C95EAE84141EE8940013809D /* SDImageCache.m */,
				C95EAE85141EE8940013809D /* SDImageCacheDelegate.h */,
				C95EAE86141EE8940013809D /* SDWebImageCompat.h */,
				C95EAE87141EE8940013809D /* SDWebImageDownloader.h */,
				C95EAE88141EE8940013809D /* SDWebImageDownloader.m */,
				C95EAE89141EE8940013809D /* SDWebImageDownloaderDelegate.h */,
				C95EAE8A141EE8940013809D /* SDWebImageManager.h */,
				C95EAE8B141EE8940013809D /* SDWebImageManager.m */,
				C95EAE8C141EE8940013809D /* SDWebImageManagerDelegate.h */,
				C95EAE8D141EE8940013809D /* UIButton+WebCache.h */,
				C95EAE8E141EE8940013809D /* UIButton+WebCache.m */,
				C95EAE8F141EE8940013809D /* UIImageView+WebCache.h */,
				C95EAE90141EE8940013809D /* UIImageView+WebCache.m */,
			);
			path = SDWebImage;
			sourceTree = "<group>";
		};
		C95EAE5C141EE8940013809D /* .git */ = {
			isa = PBXGroup;
			children = (
				C95EAE5D141EE8940013809D /* branches */,
				C95EAE5E141EE8940013809D /* config */,
				C95EAE5F141EE8940013809D /* description */,
				C95EAE60141EE8940013809D /* HEAD */,
				C95EAE61141EE8940013809D /* hooks */,
				C95EAE6C141EE8940013809D /* index */,
				C95EAE6D141EE8940013809D /* info */,
				C95EAE6F141EE8940013809D /* logs */,
				C95EAE74141EE8940013809D /* objects */,
				C95EAE79141EE8940013809D /* packed-refs */,
				C95EAE7A141EE8940013809D /* refs */,
			);
			path = .git;
			sourceTree = "<group>";
		};
		C95EAE5D141EE8940013809D /* branches */ = {
			isa = PBXGroup;
			children = (
			);
			path = branches;
			sourceTree = "<group>";
		};
		C95EAE61141EE8940013809D /* hooks */ = {
			isa = PBXGroup;
			children = (
				C95EAE62141EE8940013809D /* applypatch-msg.sample */,
				C95EAE63141EE8940013809D /* commit-msg.sample */,
				C95EAE64141EE8940013809D /* post-commit.sample */,
				C95EAE65141EE8940013809D /* post-receive.sample */,
				C95EAE66141EE8940013809D /* post-update.sample */,
				C95EAE67141EE8940013809D /* pre-applypatch.sample */,
				C95EAE68141EE8940013809D /* pre-commit.sample */,
				C95EAE69141EE8940013809D /* pre-rebase.sample */,
				C95EAE6A141EE8940013809D /* prepare-commit-msg.sample */,
				C95EAE6B141EE8940013809D /* update.sample */,
			);
			path = hooks;
			sourceTree = "<group>";
		};
		C95EAE6D141EE8940013809D /* info */ = {
			isa = PBXGroup;
			children = (
				C95EAE6E141EE8940013809D /* exclude */,
			);
			path = info;
			sourceTree = "<group>";
		};
		C95EAE6F141EE8940013809D /* logs */ = {
			isa = PBXGroup;
			children = (
				C95EAE70141EE8940013809D /* HEAD */,
				C95EAE71141EE8940013809D /* refs */,
			);
			path = logs;
			sourceTree = "<group>";
		};
		C95EAE71141EE8940013809D /* refs */ = {
			isa = PBXGroup;
			children = (
				C95EAE72141EE8940013809D /* heads */,
			);
			path = refs;
			sourceTree = "<group>";
		};
		C95EAE72141EE8940013809D /* heads */ = {
			isa = PBXGroup;
			children = (
				C95EAE73141EE8940013809D /* master */,
			);
			path = heads;
			sourceTree = "<group>";
		};
		C95EAE74141EE8940013809D /* objects */ = {
			isa = PBXGroup;
			children = (
				C95EAE75141EE8940013809D /* info */,
				C95EAE76141EE8940013809D /* pack */,
			);
			path = objects;
			sourceTree = "<group>";
		};
		C95EAE75141EE8940013809D /* info */ = {
			isa = PBXGroup;
			children = (
			);
			path = info;
			sourceTree = "<group>";
		};
		C95EAE76141EE8940013809D /* pack */ = {
			isa = PBXGroup;
			children = (
				C95EAE77141EE8940013809D /* pack-eea4367ce74625a8f8c136cd48a8343cd430c902.idx */,
				C95EAE78141EE8940013809D /* pack-eea4367ce74625a8f8c136cd48a8343cd430c902.pack */,
			);
			path = pack;
			sourceTree = "<group>";
		};
		C95EAE7A141EE8940013809D /* refs */ = {
			isa = PBXGroup;
			children = (
				C95EAE7B141EE8940013809D /* heads */,
				C95EAE7D141EE8940013809D /* remotes */,
				C95EAE80141EE8940013809D /* tags */,
			);
			path = refs;
			sourceTree = "<group>";
		};
		C95EAE7B141EE8940013809D /* heads */ = {
			isa = PBXGroup;
			children = (
				C95EAE7C141EE8940013809D /* master */,
			);
			path = heads;
			sourceTree = "<group>";
		};
		C95EAE7D141EE8940013809D /* remotes */ = {
			isa = PBXGroup;
			children = (
				C95EAE7E141EE8940013809D /* origin */,
			);
			path = remotes;
			sourceTree = "<group>";
		};
		C95EAE7E141EE8940013809D /* origin */ = {
			isa = PBXGroup;
			children = (
				C95EAE7F141EE8940013809D /* HEAD */,
			);
			path = origin;
			sourceTree = "<group>";
		};
		C95EAE80141EE8940013809D /* tags */ = {
			isa = PBXGroup;
			children = (
			);
			path = tags;
			sourceTree = "<group>";
		};
		C96773401419F859007078A6 /* Resources */ = {
			isa = PBXGroup;
			children = (
				C90228A1141AE7FB00619E19 /* properties.json */,
				C902288B141AD66B00619E19 /* photo1.jpg */,
				C902288C141AD66B00619E19 /* photo2.jpg */,
				C902288D141AD66B00619E19 /* photo3.jpg */,
				C902288E141AD66B00619E19 /* photo4.jpg */,
				C902288F141AD66B00619E19 /* photo5.jpg */,
				C9022890141AD66B00619E19 /* photo6.jpg */,
				C9022891141AD66B00619E19 /* photo7.jpg */,
				C9022892141AD66B00619E19 /* photo8.jpg */,
				C9022893141AD66B00619E19 /* photo9.jpg */,
				C90228B9141B14DC00619E19 /* photo10.jpg */,
				C96773451419FBB9007078A6 /* shadow-bottom.png */,
				C96773461419FBB9007078A6 /* shadow-top.png */,
				C96773431419FA76007078A6 /* texture-highlight.png */,
				C96773411419F86C007078A6 /* texture.png */,
			);
			name = Resources;
			sourceTree = "<group>";
		};
/* End PBXGroup section */

/* Begin PBXNativeTarget section */
		C937DA431419D9DD00064AA9 /* RMIT */ = {
			isa = PBXNativeTarget;
			buildConfigurationList = C937DA7C1419D9DD00064AA9 /* Build configuration list for PBXNativeTarget "RMIT" */;
			buildPhases = (
				C937DA401419D9DD00064AA9 /* Sources */,
				C937DA411419D9DD00064AA9 /* Frameworks */,
				C937DA421419D9DD00064AA9 /* Resources */,
			);
			buildRules = (
			);
			dependencies = (
			);
			name = RMIT;
			productName = RMIT;
			productReference = C937DA441419D9DD00064AA9 /* RMIT.app */;
			productType = "com.apple.product-type.application";
		};
		C937DA671419D9DD00064AA9 /* RMITTests */ = {
			isa = PBXNativeTarget;
			buildConfigurationList = C937DA7F1419D9DD00064AA9 /* Build configuration list for PBXNativeTarget "RMITTests" */;
			buildPhases = (
				C937DA631419D9DD00064AA9 /* Sources */,
				C937DA641419D9DD00064AA9 /* Frameworks */,
				C937DA651419D9DD00064AA9 /* Resources */,
				C937DA661419D9DD00064AA9 /* ShellScript */,
			);
			buildRules = (
			);
			dependencies = (
				C937DA6F1419D9DD00064AA9 /* PBXTargetDependency */,
			);
			name = RMITTests;
			productName = RMITTests;
			productReference = C937DA681419D9DD00064AA9 /* RMITTests.octest */;
			productType = "com.apple.product-type.bundle";
		};
/* End PBXNativeTarget section */

/* Begin PBXProject section */
		C937DA3B1419D9DD00064AA9 /* Project object */ = {
			isa = PBXProject;
			buildConfigurationList = C937DA3E1419D9DD00064AA9 /* Build configuration list for PBXProject "RMIT" */;
			compatibilityVersion = "Xcode 3.2";
			developmentRegion = English;
			hasScannedForEncodings = 0;
			knownRegions = (
				en,
			);
			mainGroup = C937DA391419D9DD00064AA9;
			productRefGroup = C937DA451419D9DD00064AA9 /* Products */;
			projectDirPath = "";
			projectRoot = "";
			targets = (
				C937DA431419D9DD00064AA9 /* RMIT */,
				C937DA671419D9DD00064AA9 /* RMITTests */,
			);
		};
/* End PBXProject section */

/* Begin PBXResourcesBuildPhase section */
		C937DA421419D9DD00064AA9 /* Resources */ = {
			isa = PBXResourcesBuildPhase;
			buildActionMask = 2147483647;
			files = (
				C937DA531419D9DD00064AA9 /* InfoPlist.strings in Resources */,
				C937DA5C1419D9DD00064AA9 /* MainWindow.xib in Resources */,
				C937DA621419D9DD00064AA9 /* RootViewController.xib in Resources */,
				C96773421419F86C007078A6 /* texture.png in Resources */,
				C96773441419FA76007078A6 /* texture-highlight.png in Resources */,
				C96773471419FBB9007078A6 /* shadow-bottom.png in Resources */,
				C96773481419FBB9007078A6 /* shadow-top.png in Resources */,
				C9022894141AD66B00619E19 /* photo1.jpg in Resources */,
				C9022895141AD66B00619E19 /* photo2.jpg in Resources */,
				C9022896141AD66B00619E19 /* photo3.jpg in Resources */,
				C9022897141AD66B00619E19 /* photo4.jpg in Resources */,
				C9022898141AD66B00619E19 /* photo5.jpg in Resources */,
				C9022899141AD66B00619E19 /* photo6.jpg in Resources */,
				C902289A141AD66B00619E19 /* photo7.jpg in Resources */,
				C902289B141AD66B00619E19 /* photo8.jpg in Resources */,
				C902289C141AD66B00619E19 /* photo9.jpg in Resources */,
				C90228A2141AE7FB00619E19 /* properties.json in Resources */,
				C90228B7141B034F00619E19 /* DetailViewController.xib in Resources */,
				C90228BA141B14DC00619E19 /* photo10.jpg in Resources */,
				C93FECEC141DEE0D007F528F /* arrow.png in Resources */,
				C93FECED141DEE0D007F528F /* arrow@2x.png in Resources */,
				C95EAE91141EE8940013809D /* config in Resources */,
				C95EAE92141EE8940013809D /* description in Resources */,
				C95EAE93141EE8940013809D /* HEAD in Resources */,
				C95EAE94141EE8940013809D /* applypatch-msg.sample in Resources */,
				C95EAE95141EE8940013809D /* commit-msg.sample in Resources */,
				C95EAE96141EE8940013809D /* post-commit.sample in Resources */,
				C95EAE97141EE8940013809D /* post-receive.sample in Resources */,
				C95EAE98141EE8940013809D /* post-update.sample in Resources */,
				C95EAE99141EE8940013809D /* pre-applypatch.sample in Resources */,
				C95EAE9A141EE8940013809D /* pre-commit.sample in Resources */,
				C95EAE9B141EE8940013809D /* pre-rebase.sample in Resources */,
				C95EAE9C141EE8940013809D /* prepare-commit-msg.sample in Resources */,
				C95EAE9D141EE8940013809D /* update.sample in Resources */,
				C95EAE9E141EE8940013809D /* index in Resources */,
				C95EAE9F141EE8940013809D /* exclude in Resources */,
				C95EAEA0141EE8940013809D /* HEAD in Resources */,
				C95EAEA1141EE8940013809D /* master in Resources */,
				C95EAEA2141EE8940013809D /* pack-eea4367ce74625a8f8c136cd48a8343cd430c902.idx in Resources */,
				C95EAEA3141EE8940013809D /* pack-eea4367ce74625a8f8c136cd48a8343cd430c902.pack in Resources */,
				C95EAEA4141EE8940013809D /* packed-refs in Resources */,
				C95EAEA5141EE8940013809D /* master in Resources */,
				C95EAEA6141EE8940013809D /* HEAD in Resources */,
				C95EAEA7141EE8940013809D /* LICENSE in Resources */,
				C95EAEA8141EE8940013809D /* README.md in Resources */,
			);
			runOnlyForDeploymentPostprocessing = 0;
		};
		C937DA651419D9DD00064AA9 /* Resources */ = {
			isa = PBXResourcesBuildPhase;
			buildActionMask = 2147483647;
			files = (
				C937DA751419D9DD00064AA9 /* InfoPlist.strings in Resources */,
				C937DA771419D9DD00064AA9 /* RMITTests.h in Resources */,
				C90228B8141B034F00619E19 /* DetailViewController.xib in Resources */,
				C90228BB141B14DC00619E19 /* photo10.jpg in Resources */,
			);
			runOnlyForDeploymentPostprocessing = 0;
		};
/* End PBXResourcesBuildPhase section */

/* Begin PBXShellScriptBuildPhase section */
		C937DA661419D9DD00064AA9 /* ShellScript */ = {
			isa = PBXShellScriptBuildPhase;
			buildActionMask = 2147483647;
			files = (
			);
			inputPaths = (
			);
			outputPaths = (
			);
			runOnlyForDeploymentPostprocessing = 0;
			shellPath = /bin/sh;
			shellScript = "# Run the unit tests in this test bundle.\n\"${SYSTEM_DEVELOPER_DIR}/Tools/RunUnitTests\"\n";
		};
/* End PBXShellScriptBuildPhase section */

/* Begin PBXSourcesBuildPhase section */
		C937DA401419D9DD00064AA9 /* Sources */ = {
			isa = PBXSourcesBuildPhase;
			buildActionMask = 2147483647;
			files = (
				C937DA551419D9DD00064AA9 /* main.m in Sources */,
				C937DA591419D9DD00064AA9 /* RMITAppDelegate.m in Sources */,
				C937DA5F1419D9DD00064AA9 /* RootViewController.m in Sources */,
				C94B23D81419E8CF004ACA73 /* Property.m in Sources */,
				C967734B1419FD23007078A6 /* PropertyCell.m in Sources */,
				C90228A0141AE04200619E19 /* PropertyCellBackgroundView.m in Sources */,
				C90228B0141AF3C200619E19 /* MBProgressHUD.m in Sources */,
				C90228B5141B034F00619E19 /* DetailViewController.m in Sources */,
				C93FECEE141DEE0D007F528F /* PullToRefreshView.m in Sources */,
				C95EAEA9141EE8940013809D /* SDImageCache.m in Sources */,
				C95EAEAA141EE8940013809D /* SDWebImageDownloader.m in Sources */,
				C95EAEAB141EE8940013809D /* SDWebImageManager.m in Sources */,
				C95EAEAC141EE8940013809D /* UIButton+WebCache.m in Sources */,
				C95EAEAD141EE8940013809D /* UIImageView+WebCache.m in Sources */,
			);
			runOnlyForDeploymentPostprocessing = 0;
		};
		C937DA631419D9DD00064AA9 /* Sources */ = {
			isa = PBXSourcesBuildPhase;
			buildActionMask = 2147483647;
			files = (
				C937DA791419D9DD00064AA9 /* RMITTests.m in Sources */,
				C94B23D91419E8CF004ACA73 /* Property.m in Sources */,
				C90228B1141AF3C200619E19 /* MBProgressHUD.m in Sources */,
				C90228B6141B034F00619E19 /* DetailViewController.m in Sources */,
			);
			runOnlyForDeploymentPostprocessing = 0;
		};
/* End PBXSourcesBuildPhase section */

/* Begin PBXTargetDependency section */
		C937DA6F1419D9DD00064AA9 /* PBXTargetDependency */ = {
			isa = PBXTargetDependency;
			target = C937DA431419D9DD00064AA9 /* RMIT */;
			targetProxy = C937DA6E1419D9DD00064AA9 /* PBXContainerItemProxy */;
		};
/* End PBXTargetDependency section */

/* Begin PBXVariantGroup section */
		C937DA511419D9DD00064AA9 /* InfoPlist.strings */ = {
			isa = PBXVariantGroup;
			children = (
				C937DA521419D9DD00064AA9 /* en */,
			);
			name = InfoPlist.strings;
			sourceTree = "<group>";
		};
		C937DA5A1419D9DD00064AA9 /* MainWindow.xib */ = {
			isa = PBXVariantGroup;
			children = (
				C937DA5B1419D9DD00064AA9 /* en */,
			);
			name = MainWindow.xib;
			sourceTree = "<group>";
		};
		C937DA601419D9DD00064AA9 /* RootViewController.xib */ = {
			isa = PBXVariantGroup;
			children = (
				C937DA611419D9DD00064AA9 /* en */,
			);
			name = RootViewController.xib;
			sourceTree = "<group>";
		};
		C937DA731419D9DD00064AA9 /* InfoPlist.strings */ = {
			isa = PBXVariantGroup;
			children = (
				C937DA741419D9DD00064AA9 /* en */,
			);
			name = InfoPlist.strings;
			sourceTree = "<group>";
		};
/* End PBXVariantGroup section */

/* Begin XCBuildConfiguration section */
		C937DA7A1419D9DD00064AA9 /* Debug */ = {
			isa = XCBuildConfiguration;
			buildSettings = {
				ALWAYS_SEARCH_USER_PATHS = NO;
				ARCHS = "$(ARCHS_STANDARD_32_BIT)";
				"CODE_SIGN_IDENTITY[sdk=iphoneos*]" = "iPhone Developer";
				COPY_PHASE_STRIP = NO;
				GCC_C_LANGUAGE_STANDARD = gnu99;
				GCC_DYNAMIC_NO_PIC = NO;
				GCC_OPTIMIZATION_LEVEL = 0;
				GCC_PREPROCESSOR_DEFINITIONS = (
					"DEBUG=1",
					"$(inherited)",
				);
				GCC_SYMBOLS_PRIVATE_EXTERN = NO;
				GCC_TREAT_WARNINGS_AS_ERRORS = YES;
				GCC_VERSION = com.apple.compilers.llvmgcc42;
				GCC_WARN_ABOUT_MISSING_PROTOTYPES = YES;
				GCC_WARN_ABOUT_RETURN_TYPE = YES;
				GCC_WARN_UNUSED_VARIABLE = YES;
				IPHONEOS_DEPLOYMENT_TARGET = 4.3;
				OTHER_LDFLAGS = (
					"-all_load",
					"-Objc",
				);
				SDKROOT = iphoneos;
			};
			name = Debug;
		};
		C937DA7B1419D9DD00064AA9 /* Release */ = {
			isa = XCBuildConfiguration;
			buildSettings = {
				ALWAYS_SEARCH_USER_PATHS = NO;
				ARCHS = "$(ARCHS_STANDARD_32_BIT)";
				"CODE_SIGN_IDENTITY[sdk=iphoneos*]" = "iPhone Developer";
				COPY_PHASE_STRIP = YES;
				GCC_C_LANGUAGE_STANDARD = gnu99;
				GCC_TREAT_WARNINGS_AS_ERRORS = YES;
				GCC_VERSION = com.apple.compilers.llvmgcc42;
				GCC_WARN_ABOUT_MISSING_PROTOTYPES = YES;
				GCC_WARN_ABOUT_RETURN_TYPE = YES;
				GCC_WARN_UNUSED_VARIABLE = YES;
				IPHONEOS_DEPLOYMENT_TARGET = 4.3;
				OTHER_CFLAGS = "-DNS_BLOCK_ASSERTIONS=1";
				OTHER_LDFLAGS = (
					"-all_load",
					"-Objc",
				);
				SDKROOT = iphoneos;
				VALIDATE_PRODUCT = YES;
			};
			name = Release;
		};
		C937DA7D1419D9DD00064AA9 /* Debug */ = {
			isa = XCBuildConfiguration;
			buildSettings = {
				FRAMEWORK_SEARCH_PATHS = (
					"$(inherited)",
					"\"$(SRCROOT)\"",
				);
				GCC_PRECOMPILE_PREFIX_HEADER = YES;
				GCC_PREFIX_HEADER = "RMIT/RMIT-Prefix.pch";
				INFOPLIST_FILE = "RMIT/RMIT-Info.plist";
				PRODUCT_NAME = "$(TARGET_NAME)";
				WRAPPER_EXTENSION = app;
			};
			name = Debug;
		};
		C937DA7E1419D9DD00064AA9 /* Release */ = {
			isa = XCBuildConfiguration;
			buildSettings = {
				FRAMEWORK_SEARCH_PATHS = (
					"$(inherited)",
					"\"$(SRCROOT)\"",
				);
				GCC_PRECOMPILE_PREFIX_HEADER = YES;
				GCC_PREFIX_HEADER = "RMIT/RMIT-Prefix.pch";
				INFOPLIST_FILE = "RMIT/RMIT-Info.plist";
				PRODUCT_NAME = "$(TARGET_NAME)";
				WRAPPER_EXTENSION = app;
			};
			name = Release;
		};
		C937DA801419D9DD00064AA9 /* Debug */ = {
			isa = XCBuildConfiguration;
			buildSettings = {
				BUNDLE_LOADER = "$(BUILT_PRODUCTS_DIR)/RMIT.app/RMIT";
				FRAMEWORK_SEARCH_PATHS = (
					"$(SDKROOT)/Developer/Library/Frameworks",
					"$(DEVELOPER_LIBRARY_DIR)/Frameworks",
					"\"$(SRCROOT)\"",
				);
				GCC_PRECOMPILE_PREFIX_HEADER = YES;
				GCC_PREFIX_HEADER = "RMIT/RMIT-Prefix.pch";
				INFOPLIST_FILE = "RMITTests/RMITTests-Info.plist";
				PRODUCT_NAME = "$(TARGET_NAME)";
				TEST_HOST = "$(BUNDLE_LOADER)";
				WRAPPER_EXTENSION = octest;
			};
			name = Debug;
		};
		C937DA811419D9DD00064AA9 /* Release */ = {
			isa = XCBuildConfiguration;
			buildSettings = {
				BUNDLE_LOADER = "$(BUILT_PRODUCTS_DIR)/RMIT.app/RMIT";
				FRAMEWORK_SEARCH_PATHS = (
					"$(SDKROOT)/Developer/Library/Frameworks",
					"$(DEVELOPER_LIBRARY_DIR)/Frameworks",
					"\"$(SRCROOT)\"",
				);
				GCC_PRECOMPILE_PREFIX_HEADER = YES;
				GCC_PREFIX_HEADER = "RMIT/RMIT-Prefix.pch";
				INFOPLIST_FILE = "RMITTests/RMITTests-Info.plist";
				PRODUCT_NAME = "$(TARGET_NAME)";
				TEST_HOST = "$(BUNDLE_LOADER)";
				WRAPPER_EXTENSION = octest;
			};
			name = Release;
		};
/* End XCBuildConfiguration section */

/* Begin XCConfigurationList section */
		C937DA3E1419D9DD00064AA9 /* Build configuration list for PBXProject "RMIT" */ = {
			isa = XCConfigurationList;
			buildConfigurations = (
				C937DA7A1419D9DD00064AA9 /* Debug */,
				C937DA7B1419D9DD00064AA9 /* Release */,
			);
			defaultConfigurationIsVisible = 0;
			defaultConfigurationName = Release;
		};
		C937DA7C1419D9DD00064AA9 /* Build configuration list for PBXNativeTarget "RMIT" */ = {
			isa = XCConfigurationList;
			buildConfigurations = (
				C937DA7D1419D9DD00064AA9 /* Debug */,
				C937DA7E1419D9DD00064AA9 /* Release */,
			);
			defaultConfigurationIsVisible = 0;
			defaultConfigurationName = Release;
		};
		C937DA7F1419D9DD00064AA9 /* Build configuration list for PBXNativeTarget "RMITTests" */ = {
			isa = XCConfigurationList;
			buildConfigurations = (
				C937DA801419D9DD00064AA9 /* Debug */,
				C937DA811419D9DD00064AA9 /* Release */,
			);
			defaultConfigurationIsVisible = 0;
			defaultConfigurationName = Release;
		};
/* End XCConfigurationList section */
	};
	rootObject = C937DA3B1419D9DD00064AA9 /* Project object */;
}
